
Microsoft Visual Studio Solution File, Format Version 12.00
# Visual Studio 15
VisualStudioVersion = 15.0.28307.106
MinimumVisualStudioVersion = 10.0.40219.1
Project("{FAE04EC0-301F-11D3-BF4B-00C04F79EFBC}") = "FireEater", "FireEater\FireEater.csproj", "{DC70F9A2-27B4-43E9-A5B5-81436BDD7B2D}"
EndProject
Global
	GlobalSection(SolutionConfigurationPlatforms) = preSolution
		Debug|Any CPU = Debug|Any CPU
		Debug|x64 = Debug|x64
		Debug|x86 = Debug|x86
		Release|Any CPU = Release|Any CPU
		Release|x64 = Release|x64
		Release|x86 = Release|x86
	EndGlobalSection
	GlobalSection(ProjectConfigurationPlatforms) = postSolution
		{DC70F9A2-27B4-43E9-A5B5-81436BDD7B2D}.Debug|Any CPU.ActiveCfg = Debug|Any CPU
		{DC70F9A2-27B4-43E9-A5B5-81436BDD7B2D}.Debug|Any CPU.Build.0 = Debug|Any CPU
		{DC70F9A2-27B4-43E9-A5B5-81436BDD7B2D}.Debug|x64.ActiveCfg = Debug|x64
		{DC70F9A2-27B4-43E9-A5B5-81436BDD7B2D}.Debug|x64.Build.0 = Debug|x64
		{DC70F9A2-27B4-43E9-A5B5-81436BDD7B2D}.Debug|x86.ActiveCfg = Debug|x86
		{DC70F9A2-27B4-43E9-A5B5-81436BDD7B2D}.Debug|x86.Build.0 = Debug|x86
		{DC70F9A2-27B4-43E9-A5B5-81436BDD7B2D}.Release|Any CPU.ActiveCfg = Release|Any CPU
		{DC70F9A2-27B4-43E9-A5B5-81436BDD7B2D}.Release|Any CPU.Build.0 = Release|Any CPU
		{DC70F9A2-27B4-43E9-A5B5-81436BDD7B2D}.Release|x64.ActiveCfg = Release|x64
		{DC70F9A2-27B4-43E9-A5B5-81436BDD7B2D}.Release|x64.Build.0 = Release|x64
		{DC70F9A2-27B4-43E9-A5B5-81436BDD7B2D}.Release|x86.ActiveCfg = Release|x86
		{DC70F9A2-27B4-43E9-A5B5-81436BDD7B2D}.Release|x86.Build.0 = Release|x86
	EndGlobalSection
	GlobalSection(SolutionProperties) = preSolution
		HideSolutionNode = FALSE
	EndGlobalSection
	GlobalSection(ExtensibilityGlobals) = postSolution
		SolutionGuid = {32B0A312-0312-4D0C-99A7-F06374511765}
	EndGlobalSection
EndGlobal
